
Microsoft Visual Studio Solution File, Format Version 12.00
# Visual Studio Version 17
VisualStudioVersion = 17.7.34031.279
MinimumVisualStudioVersion = 10.0.40219.1
Project("{FAE04EC0-301F-11D3-BF4B-00C04F79EFBC}") = "Music combiner", "Music combiner\Music combiner.csproj", "{FC18DDB0-2318-44DC-B4F0-29CCE650EE64}"
EndProject
Global
	GlobalSection(SolutionConfigurationPlatforms) = preSolution
		Debug|Any CPU = Debug|Any CPU
		Release|Any CPU = Release|Any CPU
	EndGlobalSection
	GlobalSection(ProjectConfigurationPlatforms) = postSolution
		{FC18DDB0-2318-44DC-B4F0-29CCE650EE64}.Debug|Any CPU.ActiveCfg = Debug|Any CPU
		{FC18DDB0-2318-44DC-B4F0-29CCE650EE64}.Debug|Any CPU.Build.0 = Debug|Any CPU
		{FC18DDB0-2318-44DC-B4F0-29CCE650EE64}.Release|Any CPU.ActiveCfg = Release|Any CPU
		{FC18DDB0-2318-44DC-B4F0-29CCE650EE64}.Release|Any CPU.Build.0 = Release|Any CPU
	EndGlobalSection
	GlobalSection(SolutionProperties) = preSolution
		HideSolutionNode = FALSE
	EndGlobalSection
	GlobalSection(ExtensibilityGlobals) = postSolution
		SolutionGuid = {6D78B66F-FE83-41B9-937D-A4F7D0979DD2}
	EndGlobalSection
EndGlobal
